
Microsoft Visual Studio Solution File, Format Version 12.00
# Visual Studio Version 17
VisualStudioVersion = 17.8.34330.188
MinimumVisualStudioVersion = 10.0.40219.1
Project("{FAE04EC0-301F-11D3-BF4B-00C04F79EFBC}") = "SalesWebMVC", "SalesWebMVC\SalesWebMVC.csproj", "{42254CE6-D129-40A9-803D-7D260E6C6659}"
EndProject
Global
	GlobalSection(SolutionConfigurationPlatforms) = preSolution
		Debug|Any CPU = Debug|Any CPU
		Release|Any CPU = Release|Any CPU
	EndGlobalSection
	GlobalSection(ProjectConfigurationPlatforms) = postSolution
		{42254CE6-D129-40A9-803D-7D260E6C6659}.Debug|Any CPU.ActiveCfg = Debug|Any CPU
		{42254CE6-D129-40A9-803D-7D260E6C6659}.Debug|Any CPU.Build.0 = Debug|Any CPU
		{42254CE6-D129-40A9-803D-7D260E6C6659}.Release|Any CPU.ActiveCfg = Release|Any CPU
		{42254CE6-D129-40A9-803D-7D260E6C6659}.Release|Any CPU.Build.0 = Release|Any CPU
	EndGlobalSection
	GlobalSection(SolutionProperties) = preSolution
		HideSolutionNode = FALSE
	EndGlobalSection
	GlobalSection(ExtensibilityGlobals) = postSolution
		SolutionGuid = {A6533EAF-AE52-4B99-8E29-6B90C354F918}
	EndGlobalSection
EndGlobal
